
Microsoft Visual Studio Solution File, Format Version 12.00
# Visual Studio 15
VisualStudioVersion = 15.0.28307.136
MinimumVisualStudioVersion = 10.0.40219.1
Project("{FAE04EC0-301F-11D3-BF4B-00C04F79EFBC}") = "SI_vezbe_GrupaII", "SI_vezbe_GrupaII\SI_vezbe_GrupaII.csproj", "{AAAB9AEE-53A0-4CD7-9CFA-3E93D97C28E5}"
EndProject
Global
	GlobalSection(SolutionConfigurationPlatforms) = preSolution
		Debug|Any CPU = Debug|Any CPU
		Release|Any CPU = Release|Any CPU
	EndGlobalSection
	GlobalSection(ProjectConfigurationPlatforms) = postSolution
		{AAAB9AEE-53A0-4CD7-9CFA-3E93D97C28E5}.Debug|Any CPU.ActiveCfg = Debug|Any CPU
		{AAAB9AEE-53A0-4CD7-9CFA-3E93D97C28E5}.Debug|Any CPU.Build.0 = Debug|Any CPU
		{AAAB9AEE-53A0-4CD7-9CFA-3E93D97C28E5}.Release|Any CPU.ActiveCfg = Release|Any CPU
		{AAAB9AEE-53A0-4CD7-9CFA-3E93D97C28E5}.Release|Any CPU.Build.0 = Release|Any CPU
	EndGlobalSection
	GlobalSection(SolutionProperties) = preSolution
		HideSolutionNode = FALSE
	EndGlobalSection
	GlobalSection(ExtensibilityGlobals) = postSolution
		SolutionGuid = {7245305D-A130-4986-A927-1EB4C6FE27B7}
	EndGlobalSection
EndGlobal
